# THIS IS AN AUTOGENERATED FILE. DO NOT EDIT THIS FILE DIRECTLY.
# yarn lockfile v1


vue-router@^3.3.4:
  version "3.3.4"
  resolved "https://registry.yarnpkg.com/vue-router/-/vue-router-3.3.4.tgz#4e38abc34a11c41b6c3d8244449a2e363ba6250b"
  integrity sha512-SdKRBeoXUjaZ9R/8AyxsdTqkOfMcI5tWxPZOUX5Ie1BTL5rPSZ0O++pbiZCeYeythiZIdLEfkDiQPKIaWk5hDg==
